schema: '2.0'
stages:
  protein_sequence_table:
    cmd: python3 P1_TableGenerator.py
    deps:
    - path: P1_TableGenerator.py
      md5: 0005d1b6247b6c3c503b068a75e6a400
      size: 1777
    - path: data/refseq
      md5: 300133c6afd2a793052297625249df71.dir
      size: 93415856481
      nfiles: 19802
    outs:
    - path: ./data/seq_dic.tsv
      md5: 8df4aea808c63d402cfe13ce83344e4f
      size: 14319226415
  protein_sequence_fasta:
    cmd: bash P2_Table2Fasta
    deps:
    - path: ./data/seq_dic.tsv
      md5: 8df4aea808c63d402cfe13ce83344e4f
      size: 14319226415
    - path: P2_Table2Fasta
      md5: 5e212b109efb9fcbba473db59b997a9c
      size: 93
    outs:
    - path: ./data/seq_dic.fasta
      md5: 93bb7a2cfd27647f7b540faeda4f9d17
      size: 11704918828
  16s_sequence_table:
    cmd: python P3_16S_TableGenerator.py
    deps:
    - path: ./data/refseq
      md5: 300133c6afd2a793052297625249df71.dir
      size: 93415856481
      nfiles: 19802
    - path: P3_16S_TableGenerator.py
      md5: 8cd4a9e98cb7f5df58027eee19c75aef
      size: 1849
    outs:
    - path: ./data/16S_seq_dic.tsv
      md5: 924721f91cbc78a9b1a3bfa3f74c845b
      size: 15822784
